{
  "version": 4,
  "terraform_version": "1.1.5",
  "serial": 14,
  "lineage": "282824da-a9f3-b61c-e2aa-7b5198d3ed34",
  "outputs": {
    "external_ip_address_node01": {
      "value": "84.201.156.38",
      "type": "string"
    },
    "external_ip_address_node02": {
      "value": "84.201.172.138",
      "type": "string"
    },
    "external_ip_address_node03": {
      "value": "51.250.87.148",
      "type": "string"
    },
    "external_ip_address_node04": {
      "value": "51.250.94.184",
      "type": "string"
    },
    "external_ip_address_node05": {
      "value": "51.250.66.91",
      "type": "string"
    },
    "external_ip_address_node06": {
      "value": "84.201.158.44",
      "type": "string"
    },
    "internal_ip_address_node01": {
      "value": "192.168.101.11",
      "type": "string"
    },
    "internal_ip_address_node02": {
      "value": "192.168.101.12",
      "type": "string"
    },
    "internal_ip_address_node03": {
      "value": "192.168.101.13",
      "type": "string"
    },
    "internal_ip_address_node04": {
      "value": "192.168.101.14",
      "type": "string"
    },
    "internal_ip_address_node05": {
      "value": "192.168.101.15",
      "type": "string"
    },
    "internal_ip_address_node06": {
      "value": "192.168.101.16",
      "type": "string"
    }
  },
  "resources": [
    {
      "mode": "managed",
      "type": "local_file",
      "name": "inventory",
      "provider": "provider[\"registry.terraform.io/hashicorp/local\"]",
      "instances": [
        {
          "schema_version": 0,
          "attributes": {
            "content": "# Ansible inventory containing variable values from Terraform.\n# Generated by Terraform.\n\n[nodes:children]\nmanagers\nworkers\n\n[managers:children]\nactive\nstandby\n\n[active]\nnode01.netology.yc ansible_host=84.201.156.38\n\n[standby]\nnode02.netology.yc ansible_host=84.201.172.138\nnode03.netology.yc ansible_host=51.250.87.148\n\n[workers]\nnode04.netology.yc ansible_host=51.250.94.184\nnode05.netology.yc ansible_host=51.250.66.91\nnode06.netology.yc ansible_host=84.201.158.44\n",
            "content_base64": null,
            "directory_permission": "0777",
            "file_permission": "0777",
            "filename": "../ansible/inventory",
            "id": "a47e9bcb7e1ebeeda23fe0a8ad9899332433475d",
            "sensitive_content": null,
            "source": null
          },
          "sensitive_attributes": [],
          "private": "bnVsbA==",
          "dependencies": [
            "yandex_compute_instance.node01",
            "yandex_compute_instance.node02",
            "yandex_compute_instance.node03",
            "yandex_compute_instance.node04",
            "yandex_compute_instance.node05",
            "yandex_compute_instance.node06",
            "yandex_vpc_network.default",
            "yandex_vpc_subnet.default"
          ]
        }
      ]
    },
    {
      "mode": "managed",
      "type": "null_resource",
      "name": "cluster",
      "provider": "provider[\"registry.terraform.io/hashicorp/null\"]",
      "instances": [
        {
          "schema_version": 0,
          "attributes": {
            "id": "9124974982652977995",
            "triggers": null
          },
          "sensitive_attributes": [],
          "private": "bnVsbA==",
          "dependencies": [
            "local_file.inventory",
            "null_resource.wait",
            "yandex_compute_instance.node01",
            "yandex_compute_instance.node02",
            "yandex_compute_instance.node03",
            "yandex_compute_instance.node04",
            "yandex_compute_instance.node05",
            "yandex_compute_instance.node06",
            "yandex_vpc_network.default",
            "yandex_vpc_subnet.default"
          ]
        }
      ]
    },
    {
      "mode": "managed",
      "type": "null_resource",
      "name": "monitoring",
      "provider": "provider[\"registry.terraform.io/hashicorp/null\"]",
      "instances": [
        {
          "schema_version": 0,
          "attributes": {
            "id": "1308810285383308318",
            "triggers": null
          },
          "sensitive_attributes": [],
          "private": "bnVsbA==",
          "dependencies": [
            "local_file.inventory",
            "null_resource.cluster",
            "null_resource.sync",
            "null_resource.wait",
            "yandex_compute_instance.node01",
            "yandex_compute_instance.node02",
            "yandex_compute_instance.node03",
            "yandex_compute_instance.node04",
            "yandex_compute_instance.node05",
            "yandex_compute_instance.node06",
            "yandex_vpc_network.default",
            "yandex_vpc_subnet.default"
          ]
        }
      ]
    },
    {
      "mode": "managed",
      "type": "null_resource",
      "name": "sync",
      "provider": "provider[\"registry.terraform.io/hashicorp/null\"]",
      "instances": [
        {
          "schema_version": 0,
          "attributes": {
            "id": "5847488524103066452",
            "triggers": null
          },
          "sensitive_attributes": [],
          "private": "bnVsbA==",
          "dependencies": [
            "local_file.inventory",
            "null_resource.cluster",
            "null_resource.wait",
            "yandex_compute_instance.node01",
            "yandex_compute_instance.node02",
            "yandex_compute_instance.node03",
            "yandex_compute_instance.node04",
            "yandex_compute_instance.node05",
            "yandex_compute_instance.node06",
            "yandex_vpc_network.default",
            "yandex_vpc_subnet.default"
          ]
        }
      ]
    },
    {
      "mode": "managed",
      "type": "null_resource",
      "name": "wait",
      "provider": "provider[\"registry.terraform.io/hashicorp/null\"]",
      "instances": [
        {
          "schema_version": 0,
          "attributes": {
            "id": "3491777983963786798",
            "triggers": null
          },
          "sensitive_attributes": [],
          "private": "bnVsbA==",
          "dependencies": [
            "local_file.inventory",
            "yandex_compute_instance.node01",
            "yandex_compute_instance.node02",
            "yandex_compute_instance.node03",
            "yandex_compute_instance.node04",
            "yandex_compute_instance.node05",
            "yandex_compute_instance.node06",
            "yandex_vpc_network.default",
            "yandex_vpc_subnet.default"
          ]
        }
      ]
    },
    {
      "mode": "managed",
      "type": "yandex_compute_instance",
      "name": "node01",
      "provider": "provider[\"registry.terraform.io/yandex-cloud/yandex\"]",
      "instances": [
        {
          "schema_version": 1,
          "attributes": {
            "allow_recreate": null,
            "allow_stopping_for_update": true,
            "boot_disk": [
              {
                "auto_delete": true,
                "device_name": "fhmvvrm2d9sp2hl4t9ct",
                "disk_id": "fhmvvrm2d9sp2hl4t9ct",
                "initialize_params": [
                  {
                    "block_size": 4096,
                    "description": "",
                    "image_id": "fd80q5979r924k9hjo7t",
                    "name": "root-node01",
                    "size": 10,
                    "snapshot_id": "",
                    "type": "network-ssd"
                  }
                ],
                "mode": "READ_WRITE"
              }
            ],
            "created_at": "2022-08-30T13:02:22Z",
            "description": "",
            "folder_id": "b1gi8uu2eq7nih1vp6dq",
            "fqdn": "node01.netology.yc",
            "hostname": "node01.netology.yc",
            "id": "fhmn7vo24r5kgs6a8ic6",
            "labels": null,
            "local_disk": [],
            "metadata": {
              "ssh-keys": "centos:ssh-rsa AAAAB3NzaC1yc2EAAAADAQABAAABgQDSM9a3wkbMGu6jv1eV3kTe21hlnze4QzIe90Bl+c2uwR+/zh2Io9fbTBFB4JtmC1nTZe6gb1MYZXk2cUwz0vdkMTw8d1zR8iu/sdNLMoAsXlvpIJm9Vs+RNiCDItdgGFehoSrczRJdFYOmYzzMkIUN+ktE28chVAil7dvPqL2BS9Wk+nFH+lQVaSwk8OB6lT59ghDIm+evntea5eXqsrb+jc19wkNBofGEvxAV+FTIhFQKEEBdyQI9Imofw4vW/W7/C9kGyp+d5f8nFxxKI9ilfMgYJtXi/j2Q1xm+bjmJWZYeSl76pdUVq2MTu7/0Jad/9ixmZBrh+yu2VJ2ixb8erDlwa+OfX7SV1TD16TZFQwDY6mw6Y29Wlm4/R9wUVDZZDFjEjzCo8Rat9c2op5af0HZhDlZKC5NH8gV8i6gK+9FFYK60q8/OYTASHLXj+9f5pk0AYxL1wwl1BII7hMn/ZloOgQmP2bsx9XA54zE9oUTQQKTVuUJ2BWsOG0iTfMc= iurii-devops@Host-SPB\n"
            },
            "name": "node01",
            "network_acceleration_type": "standard",
            "network_interface": [
              {
                "dns_record": [],
                "index": 0,
                "ip_address": "192.168.101.11",
                "ipv4": true,
                "ipv6": false,
                "ipv6_address": "",
                "ipv6_dns_record": [],
                "mac_address": "d0:0d:17:3f:f0:22",
                "nat": true,
                "nat_dns_record": [],
                "nat_ip_address": "84.201.156.38",
                "nat_ip_version": "IPV4",
                "security_group_ids": [],
                "subnet_id": "e9b7fgj8uvt5s0b9dl3s"
              }
            ],
            "placement_policy": [
              {
                "host_affinity_rules": [],
                "placement_group_id": ""
              }
            ],
            "platform_id": "standard-v1",
            "resources": [
              {
                "core_fraction": 100,
                "cores": 4,
                "gpus": 0,
                "memory": 8
              }
            ],
            "scheduling_policy": [
              {
                "preemptible": false
              }
            ],
            "secondary_disk": [],
            "service_account_id": "",
            "status": "running",
            "timeouts": null,
            "zone": "ru-central1-a"
          },
          "sensitive_attributes": [],
          "private": "eyJlMmJmYjczMC1lY2FhLTExZTYtOGY4OC0zNDM2M2JjN2M0YzAiOnsiY3JlYXRlIjozMDAwMDAwMDAwMDAsImRlbGV0ZSI6MzAwMDAwMDAwMDAwLCJ1cGRhdGUiOjMwMDAwMDAwMDAwMH0sInNjaGVtYV92ZXJzaW9uIjoiMSJ9",
          "dependencies": [
            "yandex_vpc_network.default",
            "yandex_vpc_subnet.default"
          ]
        }
      ]
    },
    {
      "mode": "managed",
      "type": "yandex_compute_instance",
      "name": "node02",
      "provider": "provider[\"registry.terraform.io/yandex-cloud/yandex\"]",
      "instances": [
        {
          "schema_version": 1,
          "attributes": {
            "allow_recreate": null,
            "allow_stopping_for_update": true,
            "boot_disk": [
              {
                "auto_delete": true,
                "device_name": "fhmft3osem3kiarr1ihk",
                "disk_id": "fhmft3osem3kiarr1ihk",
                "initialize_params": [
                  {
                    "block_size": 4096,
                    "description": "",
                    "image_id": "fd80q5979r924k9hjo7t",
                    "name": "root-node02",
                    "size": 10,
                    "snapshot_id": "",
                    "type": "network-ssd"
                  }
                ],
                "mode": "READ_WRITE"
              }
            ],
            "created_at": "2022-08-30T13:02:22Z",
            "description": "",
            "folder_id": "b1gi8uu2eq7nih1vp6dq",
            "fqdn": "node02.netology.yc",
            "hostname": "node02.netology.yc",
            "id": "fhmkvrpiqtovgmr20651",
            "labels": null,
            "local_disk": [],
            "metadata": {
              "ssh-keys": "centos:ssh-rsa AAAAB3NzaC1yc2EAAAADAQABAAABgQDSM9a3wkbMGu6jv1eV3kTe21hlnze4QzIe90Bl+c2uwR+/zh2Io9fbTBFB4JtmC1nTZe6gb1MYZXk2cUwz0vdkMTw8d1zR8iu/sdNLMoAsXlvpIJm9Vs+RNiCDItdgGFehoSrczRJdFYOmYzzMkIUN+ktE28chVAil7dvPqL2BS9Wk+nFH+lQVaSwk8OB6lT59ghDIm+evntea5eXqsrb+jc19wkNBofGEvxAV+FTIhFQKEEBdyQI9Imofw4vW/W7/C9kGyp+d5f8nFxxKI9ilfMgYJtXi/j2Q1xm+bjmJWZYeSl76pdUVq2MTu7/0Jad/9ixmZBrh+yu2VJ2ixb8erDlwa+OfX7SV1TD16TZFQwDY6mw6Y29Wlm4/R9wUVDZZDFjEjzCo8Rat9c2op5af0HZhDlZKC5NH8gV8i6gK+9FFYK60q8/OYTASHLXj+9f5pk0AYxL1wwl1BII7hMn/ZloOgQmP2bsx9XA54zE9oUTQQKTVuUJ2BWsOG0iTfMc= iurii-devops@Host-SPB\n"
            },
            "name": "node02",
            "network_acceleration_type": "standard",
            "network_interface": [
              {
                "dns_record": [],
                "index": 0,
                "ip_address": "192.168.101.12",
                "ipv4": true,
                "ipv6": false,
                "ipv6_address": "",
                "ipv6_dns_record": [],
                "mac_address": "d0:0d:14:fe:f3:2d",
                "nat": true,
                "nat_dns_record": [],
                "nat_ip_address": "84.201.172.138",
                "nat_ip_version": "IPV4",
                "security_group_ids": [],
                "subnet_id": "e9b7fgj8uvt5s0b9dl3s"
              }
            ],
            "placement_policy": [
              {
                "host_affinity_rules": [],
                "placement_group_id": ""
              }
            ],
            "platform_id": "standard-v1",
            "resources": [
              {
                "core_fraction": 100,
                "cores": 4,
                "gpus": 0,
                "memory": 8
              }
            ],
            "scheduling_policy": [
              {
                "preemptible": false
              }
            ],
            "secondary_disk": [],
            "service_account_id": "",
            "status": "running",
            "timeouts": null,
            "zone": "ru-central1-a"
          },
          "sensitive_attributes": [],
          "private": "eyJlMmJmYjczMC1lY2FhLTExZTYtOGY4OC0zNDM2M2JjN2M0YzAiOnsiY3JlYXRlIjozMDAwMDAwMDAwMDAsImRlbGV0ZSI6MzAwMDAwMDAwMDAwLCJ1cGRhdGUiOjMwMDAwMDAwMDAwMH0sInNjaGVtYV92ZXJzaW9uIjoiMSJ9",
          "dependencies": [
            "yandex_vpc_network.default",
            "yandex_vpc_subnet.default"
          ]
        }
      ]
    },
    {
      "mode": "managed",
      "type": "yandex_compute_instance",
      "name": "node03",
      "provider": "provider[\"registry.terraform.io/yandex-cloud/yandex\"]",
      "instances": [
        {
          "schema_version": 1,
          "attributes": {
            "allow_recreate": null,
            "allow_stopping_for_update": true,
            "boot_disk": [
              {
                "auto_delete": true,
                "device_name": "fhm9f5o1v8mbn0gb243l",
                "disk_id": "fhm9f5o1v8mbn0gb243l",
                "initialize_params": [
                  {
                    "block_size": 4096,
                    "description": "",
                    "image_id": "fd80q5979r924k9hjo7t",
                    "name": "root-node03",
                    "size": 10,
                    "snapshot_id": "",
                    "type": "network-ssd"
                  }
                ],
                "mode": "READ_WRITE"
              }
            ],
            "created_at": "2022-08-30T13:02:23Z",
            "description": "",
            "folder_id": "b1gi8uu2eq7nih1vp6dq",
            "fqdn": "node03.netology.yc",
            "hostname": "node03.netology.yc",
            "id": "fhm9o6i8i69g1te5gp68",
            "labels": null,
            "local_disk": [],
            "metadata": {
              "ssh-keys": "centos:ssh-rsa AAAAB3NzaC1yc2EAAAADAQABAAABgQDSM9a3wkbMGu6jv1eV3kTe21hlnze4QzIe90Bl+c2uwR+/zh2Io9fbTBFB4JtmC1nTZe6gb1MYZXk2cUwz0vdkMTw8d1zR8iu/sdNLMoAsXlvpIJm9Vs+RNiCDItdgGFehoSrczRJdFYOmYzzMkIUN+ktE28chVAil7dvPqL2BS9Wk+nFH+lQVaSwk8OB6lT59ghDIm+evntea5eXqsrb+jc19wkNBofGEvxAV+FTIhFQKEEBdyQI9Imofw4vW/W7/C9kGyp+d5f8nFxxKI9ilfMgYJtXi/j2Q1xm+bjmJWZYeSl76pdUVq2MTu7/0Jad/9ixmZBrh+yu2VJ2ixb8erDlwa+OfX7SV1TD16TZFQwDY6mw6Y29Wlm4/R9wUVDZZDFjEjzCo8Rat9c2op5af0HZhDlZKC5NH8gV8i6gK+9FFYK60q8/OYTASHLXj+9f5pk0AYxL1wwl1BII7hMn/ZloOgQmP2bsx9XA54zE9oUTQQKTVuUJ2BWsOG0iTfMc= iurii-devops@Host-SPB\n"
            },
            "name": "node03",
            "network_acceleration_type": "standard",
            "network_interface": [
              {
                "dns_record": [],
                "index": 0,
                "ip_address": "192.168.101.13",
                "ipv4": true,
                "ipv6": false,
                "ipv6_address": "",
                "ipv6_dns_record": [],
                "mac_address": "d0:0d:9c:1a:48:91",
                "nat": true,
                "nat_dns_record": [],
                "nat_ip_address": "51.250.87.148",
                "nat_ip_version": "IPV4",
                "security_group_ids": [],
                "subnet_id": "e9b7fgj8uvt5s0b9dl3s"
              }
            ],
            "placement_policy": [
              {
                "host_affinity_rules": [],
                "placement_group_id": ""
              }
            ],
            "platform_id": "standard-v1",
            "resources": [
              {
                "core_fraction": 100,
                "cores": 4,
                "gpus": 0,
                "memory": 8
              }
            ],
            "scheduling_policy": [
              {
                "preemptible": false
              }
            ],
            "secondary_disk": [],
            "service_account_id": "",
            "status": "running",
            "timeouts": null,
            "zone": "ru-central1-a"
          },
          "sensitive_attributes": [],
          "private": "eyJlMmJmYjczMC1lY2FhLTExZTYtOGY4OC0zNDM2M2JjN2M0YzAiOnsiY3JlYXRlIjozMDAwMDAwMDAwMDAsImRlbGV0ZSI6MzAwMDAwMDAwMDAwLCJ1cGRhdGUiOjMwMDAwMDAwMDAwMH0sInNjaGVtYV92ZXJzaW9uIjoiMSJ9",
          "dependencies": [
            "yandex_vpc_network.default",
            "yandex_vpc_subnet.default"
          ]
        }
      ]
    },
    {
      "mode": "managed",
      "type": "yandex_compute_instance",
      "name": "node04",
      "provider": "provider[\"registry.terraform.io/yandex-cloud/yandex\"]",
      "instances": [
        {
          "schema_version": 1,
          "attributes": {
            "allow_recreate": null,
            "allow_stopping_for_update": true,
            "boot_disk": [
              {
                "auto_delete": true,
                "device_name": "fhmsuekbkeah317ibpir",
                "disk_id": "fhmsuekbkeah317ibpir",
                "initialize_params": [
                  {
                    "block_size": 4096,
                    "description": "",
                    "image_id": "fd80q5979r924k9hjo7t",
                    "name": "root-node04",
                    "size": 40,
                    "snapshot_id": "",
                    "type": "network-ssd"
                  }
                ],
                "mode": "READ_WRITE"
              }
            ],
            "created_at": "2022-08-30T13:02:22Z",
            "description": "",
            "folder_id": "b1gi8uu2eq7nih1vp6dq",
            "fqdn": "node04.netology.yc",
            "hostname": "node04.netology.yc",
            "id": "fhm7hn61sgnldjqgmi0j",
            "labels": null,
            "local_disk": [],
            "metadata": {
              "ssh-keys": "centos:ssh-rsa AAAAB3NzaC1yc2EAAAADAQABAAABgQDSM9a3wkbMGu6jv1eV3kTe21hlnze4QzIe90Bl+c2uwR+/zh2Io9fbTBFB4JtmC1nTZe6gb1MYZXk2cUwz0vdkMTw8d1zR8iu/sdNLMoAsXlvpIJm9Vs+RNiCDItdgGFehoSrczRJdFYOmYzzMkIUN+ktE28chVAil7dvPqL2BS9Wk+nFH+lQVaSwk8OB6lT59ghDIm+evntea5eXqsrb+jc19wkNBofGEvxAV+FTIhFQKEEBdyQI9Imofw4vW/W7/C9kGyp+d5f8nFxxKI9ilfMgYJtXi/j2Q1xm+bjmJWZYeSl76pdUVq2MTu7/0Jad/9ixmZBrh+yu2VJ2ixb8erDlwa+OfX7SV1TD16TZFQwDY6mw6Y29Wlm4/R9wUVDZZDFjEjzCo8Rat9c2op5af0HZhDlZKC5NH8gV8i6gK+9FFYK60q8/OYTASHLXj+9f5pk0AYxL1wwl1BII7hMn/ZloOgQmP2bsx9XA54zE9oUTQQKTVuUJ2BWsOG0iTfMc= iurii-devops@Host-SPB\n"
            },
            "name": "node04",
            "network_acceleration_type": "standard",
            "network_interface": [
              {
                "dns_record": [],
                "index": 0,
                "ip_address": "192.168.101.14",
                "ipv4": true,
                "ipv6": false,
                "ipv6_address": "",
                "ipv6_dns_record": [],
                "mac_address": "d0:0d:78:dc:c1:e4",
                "nat": true,
                "nat_dns_record": [],
                "nat_ip_address": "51.250.94.184",
                "nat_ip_version": "IPV4",
                "security_group_ids": [],
                "subnet_id": "e9b7fgj8uvt5s0b9dl3s"
              }
            ],
            "placement_policy": [
              {
                "host_affinity_rules": [],
                "placement_group_id": ""
              }
            ],
            "platform_id": "standard-v1",
            "resources": [
              {
                "core_fraction": 100,
                "cores": 4,
                "gpus": 0,
                "memory": 8
              }
            ],
            "scheduling_policy": [
              {
                "preemptible": false
              }
            ],
            "secondary_disk": [],
            "service_account_id": "",
            "status": "running",
            "timeouts": null,
            "zone": "ru-central1-a"
          },
          "sensitive_attributes": [],
          "private": "eyJlMmJmYjczMC1lY2FhLTExZTYtOGY4OC0zNDM2M2JjN2M0YzAiOnsiY3JlYXRlIjozMDAwMDAwMDAwMDAsImRlbGV0ZSI6MzAwMDAwMDAwMDAwLCJ1cGRhdGUiOjMwMDAwMDAwMDAwMH0sInNjaGVtYV92ZXJzaW9uIjoiMSJ9",
          "dependencies": [
            "yandex_vpc_network.default",
            "yandex_vpc_subnet.default"
          ]
        }
      ]
    },
    {
      "mode": "managed",
      "type": "yandex_compute_instance",
      "name": "node05",
      "provider": "provider[\"registry.terraform.io/yandex-cloud/yandex\"]",
      "instances": [
        {
          "schema_version": 1,
          "attributes": {
            "allow_recreate": null,
            "allow_stopping_for_update": true,
            "boot_disk": [
              {
                "auto_delete": true,
                "device_name": "fhmo031o8h0nhkhf5cc4",
                "disk_id": "fhmo031o8h0nhkhf5cc4",
                "initialize_params": [
                  {
                    "block_size": 4096,
                    "description": "",
                    "image_id": "fd80q5979r924k9hjo7t",
                    "name": "root-node05",
                    "size": 40,
                    "snapshot_id": "",
                    "type": "network-ssd"
                  }
                ],
                "mode": "READ_WRITE"
              }
            ],
            "created_at": "2022-08-30T13:02:23Z",
            "description": "",
            "folder_id": "b1gi8uu2eq7nih1vp6dq",
            "fqdn": "node05.netology.yc",
            "hostname": "node05.netology.yc",
            "id": "fhm0j335hgldjagadui9",
            "labels": null,
            "local_disk": [],
            "metadata": {
              "ssh-keys": "centos:ssh-rsa AAAAB3NzaC1yc2EAAAADAQABAAABgQDSM9a3wkbMGu6jv1eV3kTe21hlnze4QzIe90Bl+c2uwR+/zh2Io9fbTBFB4JtmC1nTZe6gb1MYZXk2cUwz0vdkMTw8d1zR8iu/sdNLMoAsXlvpIJm9Vs+RNiCDItdgGFehoSrczRJdFYOmYzzMkIUN+ktE28chVAil7dvPqL2BS9Wk+nFH+lQVaSwk8OB6lT59ghDIm+evntea5eXqsrb+jc19wkNBofGEvxAV+FTIhFQKEEBdyQI9Imofw4vW/W7/C9kGyp+d5f8nFxxKI9ilfMgYJtXi/j2Q1xm+bjmJWZYeSl76pdUVq2MTu7/0Jad/9ixmZBrh+yu2VJ2ixb8erDlwa+OfX7SV1TD16TZFQwDY6mw6Y29Wlm4/R9wUVDZZDFjEjzCo8Rat9c2op5af0HZhDlZKC5NH8gV8i6gK+9FFYK60q8/OYTASHLXj+9f5pk0AYxL1wwl1BII7hMn/ZloOgQmP2bsx9XA54zE9oUTQQKTVuUJ2BWsOG0iTfMc= iurii-devops@Host-SPB\n"
            },
            "name": "node05",
            "network_acceleration_type": "standard",
            "network_interface": [
              {
                "dns_record": [],
                "index": 0,
                "ip_address": "192.168.101.15",
                "ipv4": true,
                "ipv6": false,
                "ipv6_address": "",
                "ipv6_dns_record": [],
                "mac_address": "d0:0d:98:c6:58:c2",
                "nat": true,
                "nat_dns_record": [],
                "nat_ip_address": "51.250.66.91",
                "nat_ip_version": "IPV4",
                "security_group_ids": [],
                "subnet_id": "e9b7fgj8uvt5s0b9dl3s"
              }
            ],
            "placement_policy": [
              {
                "host_affinity_rules": [],
                "placement_group_id": ""
              }
            ],
            "platform_id": "standard-v1",
            "resources": [
              {
                "core_fraction": 100,
                "cores": 4,
                "gpus": 0,
                "memory": 8
              }
            ],
            "scheduling_policy": [
              {
                "preemptible": false
              }
            ],
            "secondary_disk": [],
            "service_account_id": "",
            "status": "running",
            "timeouts": null,
            "zone": "ru-central1-a"
          },
          "sensitive_attributes": [],
          "private": "eyJlMmJmYjczMC1lY2FhLTExZTYtOGY4OC0zNDM2M2JjN2M0YzAiOnsiY3JlYXRlIjozMDAwMDAwMDAwMDAsImRlbGV0ZSI6MzAwMDAwMDAwMDAwLCJ1cGRhdGUiOjMwMDAwMDAwMDAwMH0sInNjaGVtYV92ZXJzaW9uIjoiMSJ9",
          "dependencies": [
            "yandex_vpc_network.default",
            "yandex_vpc_subnet.default"
          ]
        }
      ]
    },
    {
      "mode": "managed",
      "type": "yandex_compute_instance",
      "name": "node06",
      "provider": "provider[\"registry.terraform.io/yandex-cloud/yandex\"]",
      "instances": [
        {
          "schema_version": 1,
          "attributes": {
            "allow_recreate": null,
            "allow_stopping_for_update": true,
            "boot_disk": [
              {
                "auto_delete": true,
                "device_name": "fhm520nuujlkiote0jfn",
                "disk_id": "fhm520nuujlkiote0jfn",
                "initialize_params": [
                  {
                    "block_size": 4096,
                    "description": "",
                    "image_id": "fd80q5979r924k9hjo7t",
                    "name": "root-node06",
                    "size": 40,
                    "snapshot_id": "",
                    "type": "network-ssd"
                  }
                ],
                "mode": "READ_WRITE"
              }
            ],
            "created_at": "2022-08-30T13:02:22Z",
            "description": "",
            "folder_id": "b1gi8uu2eq7nih1vp6dq",
            "fqdn": "node06.netology.yc",
            "hostname": "node06.netology.yc",
            "id": "fhmr27unudlfnn6oiq92",
            "labels": null,
            "local_disk": [],
            "metadata": {
              "ssh-keys": "centos:ssh-rsa AAAAB3NzaC1yc2EAAAADAQABAAABgQDSM9a3wkbMGu6jv1eV3kTe21hlnze4QzIe90Bl+c2uwR+/zh2Io9fbTBFB4JtmC1nTZe6gb1MYZXk2cUwz0vdkMTw8d1zR8iu/sdNLMoAsXlvpIJm9Vs+RNiCDItdgGFehoSrczRJdFYOmYzzMkIUN+ktE28chVAil7dvPqL2BS9Wk+nFH+lQVaSwk8OB6lT59ghDIm+evntea5eXqsrb+jc19wkNBofGEvxAV+FTIhFQKEEBdyQI9Imofw4vW/W7/C9kGyp+d5f8nFxxKI9ilfMgYJtXi/j2Q1xm+bjmJWZYeSl76pdUVq2MTu7/0Jad/9ixmZBrh+yu2VJ2ixb8erDlwa+OfX7SV1TD16TZFQwDY6mw6Y29Wlm4/R9wUVDZZDFjEjzCo8Rat9c2op5af0HZhDlZKC5NH8gV8i6gK+9FFYK60q8/OYTASHLXj+9f5pk0AYxL1wwl1BII7hMn/ZloOgQmP2bsx9XA54zE9oUTQQKTVuUJ2BWsOG0iTfMc= iurii-devops@Host-SPB\n"
            },
            "name": "node06",
            "network_acceleration_type": "standard",
            "network_interface": [
              {
                "dns_record": [],
                "index": 0,
                "ip_address": "192.168.101.16",
                "ipv4": true,
                "ipv6": false,
                "ipv6_address": "",
                "ipv6_dns_record": [],
                "mac_address": "d0:0d:1b:11:fd:7f",
                "nat": true,
                "nat_dns_record": [],
                "nat_ip_address": "84.201.158.44",
                "nat_ip_version": "IPV4",
                "security_group_ids": [],
                "subnet_id": "e9b7fgj8uvt5s0b9dl3s"
              }
            ],
            "placement_policy": [
              {
                "host_affinity_rules": [],
                "placement_group_id": ""
              }
            ],
            "platform_id": "standard-v1",
            "resources": [
              {
                "core_fraction": 100,
                "cores": 4,
                "gpus": 0,
                "memory": 8
              }
            ],
            "scheduling_policy": [
              {
                "preemptible": false
              }
            ],
            "secondary_disk": [],
            "service_account_id": "",
            "status": "running",
            "timeouts": null,
            "zone": "ru-central1-a"
          },
          "sensitive_attributes": [],
          "private": "eyJlMmJmYjczMC1lY2FhLTExZTYtOGY4OC0zNDM2M2JjN2M0YzAiOnsiY3JlYXRlIjozMDAwMDAwMDAwMDAsImRlbGV0ZSI6MzAwMDAwMDAwMDAwLCJ1cGRhdGUiOjMwMDAwMDAwMDAwMH0sInNjaGVtYV92ZXJzaW9uIjoiMSJ9",
          "dependencies": [
            "yandex_vpc_network.default",
            "yandex_vpc_subnet.default"
          ]
        }
      ]
    },
    {
      "mode": "managed",
      "type": "yandex_vpc_network",
      "name": "default",
      "provider": "provider[\"registry.terraform.io/yandex-cloud/yandex\"]",
      "instances": [
        {
          "schema_version": 0,
          "attributes": {
            "created_at": "2022-08-30T13:02:19Z",
            "default_security_group_id": "",
            "description": "",
            "folder_id": "b1gi8uu2eq7nih1vp6dq",
            "id": "enpkvbkmb7jdnfbh6v76",
            "labels": {},
            "name": "net",
            "subnet_ids": [],
            "timeouts": null
          },
          "sensitive_attributes": [],
          "private": "eyJlMmJmYjczMC1lY2FhLTExZTYtOGY4OC0zNDM2M2JjN2M0YzAiOnsiY3JlYXRlIjo2MDAwMDAwMDAwMCwiZGVsZXRlIjo2MDAwMDAwMDAwMCwidXBkYXRlIjo2MDAwMDAwMDAwMH19"
        }
      ]
    },
    {
      "mode": "managed",
      "type": "yandex_vpc_subnet",
      "name": "default",
      "provider": "provider[\"registry.terraform.io/yandex-cloud/yandex\"]",
      "instances": [
        {
          "schema_version": 0,
          "attributes": {
            "created_at": "2022-08-30T13:02:20Z",
            "description": "",
            "dhcp_options": [],
            "folder_id": "b1gi8uu2eq7nih1vp6dq",
            "id": "e9b7fgj8uvt5s0b9dl3s",
            "labels": {},
            "name": "subnet",
            "network_id": "enpkvbkmb7jdnfbh6v76",
            "route_table_id": "",
            "timeouts": null,
            "v4_cidr_blocks": [
              "192.168.101.0/24"
            ],
            "v6_cidr_blocks": [],
            "zone": "ru-central1-a"
          },
          "sensitive_attributes": [],
          "private": "eyJlMmJmYjczMC1lY2FhLTExZTYtOGY4OC0zNDM2M2JjN2M0YzAiOnsiY3JlYXRlIjoxODAwMDAwMDAwMDAsImRlbGV0ZSI6MTgwMDAwMDAwMDAwLCJ1cGRhdGUiOjE4MDAwMDAwMDAwMH19",
          "dependencies": [
            "yandex_vpc_network.default"
          ]
        }
      ]
    }
  ]
}
